
Microsoft Visual Studio Solution File, Format Version 12.00
# Visual Studio 15
VisualStudioVersion = 15.0.28307.852
MinimumVisualStudioVersion = 10.0.40219.1
Project("{8BC9CEB8-8B4A-11D0-8D11-00A0C91BC942}") = "color recognition", "color recognition\color recognition.vcxproj", "{598C2689-6C26-405A-A97F-0F596BE169FD}"
EndProject
Global
	GlobalSection(SolutionConfigurationPlatforms) = preSolution
		Debug|x64 = Debug|x64
		Debug|x86 = Debug|x86
		Release|x64 = Release|x64
		Release|x86 = Release|x86
	EndGlobalSection
	GlobalSection(ProjectConfigurationPlatforms) = postSolution
		{598C2689-6C26-405A-A97F-0F596BE169FD}.Debug|x64.ActiveCfg = Debug|x64
		{598C2689-6C26-405A-A97F-0F596BE169FD}.Debug|x64.Build.0 = Debug|x64
		{598C2689-6C26-405A-A97F-0F596BE169FD}.Debug|x86.ActiveCfg = Debug|Win32
		{598C2689-6C26-405A-A97F-0F596BE169FD}.Debug|x86.Build.0 = Debug|Win32
		{598C2689-6C26-405A-A97F-0F596BE169FD}.Release|x64.ActiveCfg = Release|x64
		{598C2689-6C26-405A-A97F-0F596BE169FD}.Release|x64.Build.0 = Release|x64
		{598C2689-6C26-405A-A97F-0F596BE169FD}.Release|x86.ActiveCfg = Release|Win32
		{598C2689-6C26-405A-A97F-0F596BE169FD}.Release|x86.Build.0 = Release|Win32
	EndGlobalSection
	GlobalSection(SolutionProperties) = preSolution
		HideSolutionNode = FALSE
	EndGlobalSection
	GlobalSection(ExtensibilityGlobals) = postSolution
		SolutionGuid = {4E70985E-438D-43D3-9884-5B26EB955049}
	EndGlobalSection
EndGlobal
